Microsoft Visual Studio Solution File, Format Version 12.00
# Visual Studio Version 17
VisualStudioVersion = 17.5.2.0
MinimumVisualStudioVersion = 10.0.40219.1
Project("{FAE04EC0-301F-11D3-BF4B-00C04F79EFBC}") = "logindemo", "logindemo.csproj", "{09537C44-F6A9-FD83-AC9B-2E8DA6652D6B}"
EndProject
Global
	GlobalSection(SolutionConfigurationPlatforms) = preSolution
		Debug|Any CPU = Debug|Any CPU
		Release|Any CPU = Release|Any CPU
	EndGlobalSection
	GlobalSection(ProjectConfigurationPlatforms) = postSolution
		{09537C44-F6A9-FD83-AC9B-2E8DA6652D6B}.Debug|Any CPU.ActiveCfg = Debug|Any CPU
		{09537C44-F6A9-FD83-AC9B-2E8DA6652D6B}.Debug|Any CPU.Build.0 = Debug|Any CPU
		{09537C44-F6A9-FD83-AC9B-2E8DA6652D6B}.Release|Any CPU.ActiveCfg = Release|Any CPU
		{09537C44-F6A9-FD83-AC9B-2E8DA6652D6B}.Release|Any CPU.Build.0 = Release|Any CPU
	EndGlobalSection
	GlobalSection(SolutionProperties) = preSolution
		HideSolutionNode = FALSE
	EndGlobalSection
	GlobalSection(ExtensibilityGlobals) = postSolution
		SolutionGuid = {6678BD2D-5A8D-45DB-B0BA-E289590F663E}
	EndGlobalSection
EndGlobal
